
Microsoft Visual Studio Solution File, Format Version 12.00
# Visual Studio Version 16
VisualStudioVersion = 16.0.29926.136
MinimumVisualStudioVersion = 10.0.40219.1
Project("{FAE04EC0-301F-11D3-BF4B-00C04F79EFBC}") = "WebAPI", "WebAPI\WebAPI.csproj", "{72FE0243-9ABA-4E46-A80E-EC9F3AE9D74A}"
EndProject
Project("{FAE04EC0-301F-11D3-BF4B-00C04F79EFBC}") = "Data", "Data\Data.csproj", "{6977D80F-F2BF-461D-B8D4-B6B5B98123D0}"
EndProject
Project("{FAE04EC0-301F-11D3-BF4B-00C04F79EFBC}") = "Services", "Services\Services.csproj", "{4FB5ACB8-E9FC-4BBC-B62D-27C369A524E2}"
EndProject
Project("{FAE04EC0-301F-11D3-BF4B-00C04F79EFBC}") = "Models", "Models\Models.csproj", "{11E3C417-99DC-4D32-96C5-E3989737E51B}"
EndProject
Global
	GlobalSection(SolutionConfigurationPlatforms) = preSolution
		Debug|Any CPU = Debug|Any CPU
		Release|Any CPU = Release|Any CPU
	EndGlobalSection
	GlobalSection(ProjectConfigurationPlatforms) = postSolution
		{72FE0243-9ABA-4E46-A80E-EC9F3AE9D74A}.Debug|Any CPU.ActiveCfg = Debug|Any CPU
		{72FE0243-9ABA-4E46-A80E-EC9F3AE9D74A}.Debug|Any CPU.Build.0 = Debug|Any CPU
		{72FE0243-9ABA-4E46-A80E-EC9F3AE9D74A}.Release|Any CPU.ActiveCfg = Release|Any CPU
		{72FE0243-9ABA-4E46-A80E-EC9F3AE9D74A}.Release|Any CPU.Build.0 = Release|Any CPU
		{6977D80F-F2BF-461D-B8D4-B6B5B98123D0}.Debug|Any CPU.ActiveCfg = Debug|Any CPU
		{6977D80F-F2BF-461D-B8D4-B6B5B98123D0}.Debug|Any CPU.Build.0 = Debug|Any CPU
		{6977D80F-F2BF-461D-B8D4-B6B5B98123D0}.Release|Any CPU.ActiveCfg = Release|Any CPU
		{6977D80F-F2BF-461D-B8D4-B6B5B98123D0}.Release|Any CPU.Build.0 = Release|Any CPU
		{4FB5ACB8-E9FC-4BBC-B62D-27C369A524E2}.Debug|Any CPU.ActiveCfg = Debug|Any CPU
		{4FB5ACB8-E9FC-4BBC-B62D-27C369A524E2}.Debug|Any CPU.Build.0 = Debug|Any CPU
		{4FB5ACB8-E9FC-4BBC-B62D-27C369A524E2}.Release|Any CPU.ActiveCfg = Release|Any CPU
		{4FB5ACB8-E9FC-4BBC-B62D-27C369A524E2}.Release|Any CPU.Build.0 = Release|Any CPU
		{11E3C417-99DC-4D32-96C5-E3989737E51B}.Debug|Any CPU.ActiveCfg = Debug|Any CPU
		{11E3C417-99DC-4D32-96C5-E3989737E51B}.Debug|Any CPU.Build.0 = Debug|Any CPU
		{11E3C417-99DC-4D32-96C5-E3989737E51B}.Release|Any CPU.ActiveCfg = Release|Any CPU
		{11E3C417-99DC-4D32-96C5-E3989737E51B}.Release|Any CPU.Build.0 = Release|Any CPU
	EndGlobalSection
	GlobalSection(SolutionProperties) = preSolution
		HideSolutionNode = FALSE
	EndGlobalSection
	GlobalSection(ExtensibilityGlobals) = postSolution
		SolutionGuid = {551AF473-E91C-4999-B169-3C62C27F4C48}
	EndGlobalSection
EndGlobal
